// !$*UTF8*$!
{
	archiveVersion = 1;
	classes = {
	};
	objectVersion = 50;
	objects = {

/* Begin PBXBuildFile section */
		3DEF361553AB527E81291643 /* Pods_savagebadges.framework in Frameworks */ = {isa = PBXBuildFile; fileRef = A3BF7D3A18232942B26A881A /* Pods_savagebadges.framework */; };
		4F1192AA2145B3DE003682D1 /* SignupViewController.swift in Sources */ = {isa = PBXBuildFile; fileRef = 4F1192A92145B3DE003682D1 /* SignupViewController.swift */; };
		4F1192AC2145B745003682D1 /* IntakeViewController.swift in Sources */ = {isa = PBXBuildFile; fileRef = 4F1192AB2145B745003682D1 /* IntakeViewController.swift */; };
		4F1192AE2145B834003682D1 /* DashboardViewController.swift in Sources */ = {isa = PBXBuildFile; fileRef = 4F1192AD2145B834003682D1 /* DashboardViewController.swift */; };
		4F1192B02145B9B2003682D1 /* EarnedBadgesViewController.swift in Sources */ = {isa = PBXBuildFile; fileRef = 4F1192AF2145B9B2003682D1 /* EarnedBadgesViewController.swift */; };
		4F1192B22145BA05003682D1 /* GiveBadgeViewController.swift in Sources */ = {isa = PBXBuildFile; fileRef = 4F1192B12145BA05003682D1 /* GiveBadgeViewController.swift */; };
		4F1192B42145BA98003682D1 /* SelectBadgeViewController.swift in Sources */ = {isa = PBXBuildFile; fileRef = 4F1192B32145BA98003682D1 /* SelectBadgeViewController.swift */; };
		4F1192B62145BB00003682D1 /* ReceivedBadgesViewController.swift in Sources */ = {isa = PBXBuildFile; fileRef = 4F1192B52145BB00003682D1 /* ReceivedBadgesViewController.swift */; };
		4F1192B82145BB56003682D1 /* MessageViewController.swift in Sources */ = {isa = PBXBuildFile; fileRef = 4F1192B72145BB56003682D1 /* MessageViewController.swift */; };
		4F1192BA2146FDD5003682D1 /* urban decay.ttf in Resources */ = {isa = PBXBuildFile; fileRef = 4F1192B92146FDD4003682D1 /* urban decay.ttf */; };
		4F1192BD21474DCA003682D1 /* Auth0.plist in Resources */ = {isa = PBXBuildFile; fileRef = 4F1192BC21474DCA003682D1 /* Auth0.plist */; };
		4F1192BF21475B9E003682D1 /* Podfile in Resources */ = {isa = PBXBuildFile; fileRef = 4F1192BE21475B9E003682D1 /* Podfile */; };
		4F1192C321483487003682D1 /* GANG BANG CRIME.ttf in Resources */ = {isa = PBXBuildFile; fileRef = 4F1192C221483486003682D1 /* GANG BANG CRIME.ttf */; };
		4F1192C521487067003682D1 /* Peinture Fraiche.ttf in Resources */ = {isa = PBXBuildFile; fileRef = 4F1192C421487066003682D1 /* Peinture Fraiche.ttf */; };
		4F1192C7214870A3003682D1 /* GRAFFITI.TTF in Resources */ = {isa = PBXBuildFile; fileRef = 4F1192C6214870A3003682D1 /* GRAFFITI.TTF */; };
		4F4B4F0D2144D34A0055FC28 /* AppDelegate.swift in Sources */ = {isa = PBXBuildFile; fileRef = 4F4B4F0C2144D34A0055FC28 /* AppDelegate.swift */; };
		4F4B4F0F2144D34A0055FC28 /* ViewController.swift in Sources */ = {isa = PBXBuildFile; fileRef = 4F4B4F0E2144D34A0055FC28 /* ViewController.swift */; };
		4F4B4F122144D34B0055FC28 /* Main.storyboard in Resources */ = {isa = PBXBuildFile; fileRef = 4F4B4F102144D34B0055FC28 /* Main.storyboard */; };
		4F4B4F142144D34C0055FC28 /* Assets.xcassets in Resources */ = {isa = PBXBuildFile; fileRef = 4F4B4F132144D34C0055FC28 /* Assets.xcassets */; };
		4F4B4F172144D34C0055FC28 /* LaunchScreen.storyboard in Resources */ = {isa = PBXBuildFile; fileRef = 4F4B4F152144D34C0055FC28 /* LaunchScreen.storyboard */; };
		4F4B4F222144D4280055FC28 /* LandingPageViewController.swift in Sources */ = {isa = PBXBuildFile; fileRef = 4F4B4F212144D4280055FC28 /* LandingPageViewController.swift */; };
		4F4B4F242144D58C0055FC28 /* LoginViewController.swift in Sources */ = {isa = PBXBuildFile; fileRef = 4F4B4F232144D58C0055FC28 /* LoginViewController.swift */; };
		4F9586882148AC5E005A95CD /* SessionManager.swift in Sources */ = {isa = PBXBuildFile; fileRef = 4F9586872148AC5E005A95CD /* SessionManager.swift */; };
		4F95868A2148BAFB005A95CD /* AirTableSevice.swift in Sources */ = {isa = PBXBuildFile; fileRef = 4F9586892148BAFB005A95CD /* AirTableSevice.swift */; };
		4F95868D2148C150005A95CD /* User.swift in Sources */ = {isa = PBXBuildFile; fileRef = 4F95868C2148C150005A95CD /* User.swift */; };
/* End PBXBuildFile section */

/* Begin PBXFileReference section */
		4F1192A92145B3DE003682D1 /* SignupViewController.swift */ = {isa = PBXFileReference; lastKnownFileType = sourcecode.swift; path = SignupViewController.swift; sourceTree = "<group>"; };
		4F1192AB2145B745003682D1 /* IntakeViewController.swift */ = {isa = PBXFileReference; lastKnownFileType = sourcecode.swift; path = IntakeViewController.swift; sourceTree = "<group>"; };
		4F1192AD2145B834003682D1 /* DashboardViewController.swift */ = {isa = PBXFileReference; lastKnownFileType = sourcecode.swift; path = DashboardViewController.swift; sourceTree = "<group>"; };
		4F1192AF2145B9B2003682D1 /* EarnedBadgesViewController.swift */ = {isa = PBXFileReference; lastKnownFileType = sourcecode.swift; path = EarnedBadgesViewController.swift; sourceTree = "<group>"; };
		4F1192B12145BA05003682D1 /* GiveBadgeViewController.swift */ = {isa = PBXFileReference; lastKnownFileType = sourcecode.swift; path = GiveBadgeViewController.swift; sourceTree = "<group>"; };
		4F1192B32145BA98003682D1 /* SelectBadgeViewController.swift */ = {isa = PBXFileReference; lastKnownFileType = sourcecode.swift; path = SelectBadgeViewController.swift; sourceTree = "<group>"; };
		4F1192B52145BB00003682D1 /* ReceivedBadgesViewController.swift */ = {isa = PBXFileReference; lastKnownFileType = sourcecode.swift; path = ReceivedBadgesViewController.swift; sourceTree = "<group>"; };
		4F1192B72145BB56003682D1 /* MessageViewController.swift */ = {isa = PBXFileReference; lastKnownFileType = sourcecode.swift; path = MessageViewController.swift; sourceTree = "<group>"; };
		4F1192B92146FDD4003682D1 /* urban decay.ttf */ = {isa = PBXFileReference; lastKnownFileType = file; name = "urban decay.ttf"; path = "../../../../../Downloads/urban decay.ttf"; sourceTree = "<group>"; };
		4F1192BC21474DCA003682D1 /* Auth0.plist */ = {isa = PBXFileReference; lastKnownFileType = text.plist.xml; path = Auth0.plist; sourceTree = "<group>"; };
		4F1192BE21475B9E003682D1 /* Podfile */ = {isa = PBXFileReference; fileEncoding = 4; lastKnownFileType = text; path = Podfile; sourceTree = "<group>"; xcLanguageSpecificationIdentifier = xcode.lang.ruby; };
		4F1192C221483486003682D1 /* GANG BANG CRIME.ttf */ = {isa = PBXFileReference; lastKnownFileType = file; name = "GANG BANG CRIME.ttf"; path = "../../../../Downloads/gang_bang_crime/GANG BANG CRIME.ttf"; sourceTree = "<group>"; };
		4F1192C421487066003682D1 /* Peinture Fraiche.ttf */ = {isa = PBXFileReference; lastKnownFileType = file; name = "Peinture Fraiche.ttf"; path = "../../../../../Downloads/Peinture Fraiche.ttf"; sourceTree = "<group>"; };
		4F1192C6214870A3003682D1 /* GRAFFITI.TTF */ = {isa = PBXFileReference; lastKnownFileType = file; name = GRAFFITI.TTF; path = ../../../../../Downloads/GRAFFITI.TTF; sourceTree = "<group>"; };
		4F4B4F092144D34A0055FC28 /* savagebadges.app */ = {isa = PBXFileReference; explicitFileType = wrapper.application; includeInIndex = 0; path = savagebadges.app; sourceTree = BUILT_PRODUCTS_DIR; };
		4F4B4F0C2144D34A0055FC28 /* AppDelegate.swift */ = {isa = PBXFileReference; lastKnownFileType = sourcecode.swift; path = AppDelegate.swift; sourceTree = "<group>"; };
		4F4B4F0E2144D34A0055FC28 /* ViewController.swift */ = {isa = PBXFileReference; lastKnownFileType = sourcecode.swift; path = ViewController.swift; sourceTree = "<group>"; };
		4F4B4F112144D34B0055FC28 /* Base */ = {isa = PBXFileReference; lastKnownFileType = file.storyboard; name = Base; path = Base.lproj/Main.storyboard; sourceTree = "<group>"; };
		4F4B4F132144D34C0055FC28 /* Assets.xcassets */ = {isa = PBXFileReference; lastKnownFileType = folder.assetcatalog; path = Assets.xcassets; sourceTree = "<group>"; };
		4F4B4F162144D34C0055FC28 /* Base */ = {isa = PBXFileReference; lastKnownFileType = file.storyboard; name = Base; path = Base.lproj/LaunchScreen.storyboard; sourceTree = "<group>"; };
		4F4B4F182144D34C0055FC28 /* Info.plist */ = {isa = PBXFileReference; lastKnownFileType = text.plist.xml; path = Info.plist; sourceTree = "<group>"; };
		4F4B4F212144D4280055FC28 /* LandingPageViewController.swift */ = {isa = PBXFileReference; lastKnownFileType = sourcecode.swift; path = LandingPageViewController.swift; sourceTree = "<group>"; };
		4F4B4F232144D58C0055FC28 /* LoginViewController.swift */ = {isa = PBXFileReference; lastKnownFileType = sourcecode.swift; path = LoginViewController.swift; sourceTree = "<group>"; };
		4F9586872148AC5E005A95CD /* SessionManager.swift */ = {isa = PBXFileReference; fileEncoding = 4; lastKnownFileType = sourcecode.swift; path = SessionManager.swift; sourceTree = "<group>"; };
		4F9586892148BAFB005A95CD /* AirTableSevice.swift */ = {isa = PBXFileReference; lastKnownFileType = sourcecode.swift; path = AirTableSevice.swift; sourceTree = "<group>"; };
		4F95868C2148C150005A95CD /* User.swift */ = {isa = PBXFileReference; lastKnownFileType = sourcecode.swift; path = User.swift; sourceTree = "<group>"; };
		A3BF7D3A18232942B26A881A /* Pods_savagebadges.framework */ = {isa = PBXFileReference; explicitFileType = wrapper.framework; includeInIndex = 0; path = Pods_savagebadges.framework; sourceTree = BUILT_PRODUCTS_DIR; };
		D07C506400741C72CF577F8A /* Pods-savagebadges.debug.xcconfig */ = {isa = PBXFileReference; includeInIndex = 1; lastKnownFileType = text.xcconfig; name = "Pods-savagebadges.debug.xcconfig"; path = "Pods/Target Support Files/Pods-savagebadges/Pods-savagebadges.debug.xcconfig"; sourceTree = "<group>"; };
		E112A20B97AA3B157D10766A /* Pods-savagebadges.release.xcconfig */ = {isa = PBXFileReference; includeInIndex = 1; lastKnownFileType = text.xcconfig; name = "Pods-savagebadges.release.xcconfig"; path = "Pods/Target Support Files/Pods-savagebadges/Pods-savagebadges.release.xcconfig"; sourceTree = "<group>"; };
/* End PBXFileReference section */

/* Begin PBXFrameworksBuildPhase section */
		4F4B4F062144D34A0055FC28 /* Frameworks */ = {
			isa = PBXFrameworksBuildPhase;
			buildActionMask = 2147483647;
			files = (
				3DEF361553AB527E81291643 /* Pods_savagebadges.framework in Frameworks */,
			);
			runOnlyForDeploymentPostprocessing = 0;
		};
/* End PBXFrameworksBuildPhase section */

/* Begin PBXGroup section */
		4C56037E40C856F86DE23FD6 /* Frameworks */ = {
			isa = PBXGroup;
			children = (
				A3BF7D3A18232942B26A881A /* Pods_savagebadges.framework */,
			);
			name = Frameworks;
			sourceTree = "<group>";
		};
		4F1192BB21474D5C003682D1 /* Resources */ = {
			isa = PBXGroup;
			children = (
				4F1192BC21474DCA003682D1 /* Auth0.plist */,
			);
			path = Resources;
			sourceTree = "<group>";
		};
		4F4B4F002144D34A0055FC28 = {
			isa = PBXGroup;
			children = (
				4F1192C221483486003682D1 /* GANG BANG CRIME.ttf */,
				4F1192BE21475B9E003682D1 /* Podfile */,
				4F4B4F0B2144D34A0055FC28 /* savagebadges */,
				4F4B4F0A2144D34A0055FC28 /* Products */,
				4C56037E40C856F86DE23FD6 /* Frameworks */,
				77F714234084E9E9DF5020E2 /* Pods */,
			);
			sourceTree = "<group>";
		};
		4F4B4F0A2144D34A0055FC28 /* Products */ = {
			isa = PBXGroup;
			children = (
				4F4B4F092144D34A0055FC28 /* savagebadges.app */,
			);
			name = Products;
			sourceTree = "<group>";
		};
		4F4B4F0B2144D34A0055FC28 /* savagebadges */ = {
			isa = PBXGroup;
			children = (
				4F95868B2148C12B005A95CD /* Model */,
				4F9586862148AB7F005A95CD /* Services */,
				4F1192BB21474D5C003682D1 /* Resources */,
				4F4B4F1E2144D3B60055FC28 /* ViewControllers */,
				4F4B4F0C2144D34A0055FC28 /* AppDelegate.swift */,
				4F4B4F0E2144D34A0055FC28 /* ViewController.swift */,
				4F4B4F102144D34B0055FC28 /* Main.storyboard */,
				4F1192C6214870A3003682D1 /* GRAFFITI.TTF */,
				4F1192C421487066003682D1 /* Peinture Fraiche.ttf */,
				4F1192B92146FDD4003682D1 /* urban decay.ttf */,
				4F4B4F132144D34C0055FC28 /* Assets.xcassets */,
				4F4B4F152144D34C0055FC28 /* LaunchScreen.storyboard */,
				4F4B4F182144D34C0055FC28 /* Info.plist */,
			);
			path = savagebadges;
			sourceTree = "<group>";
		};
		4F4B4F1E2144D3B60055FC28 /* ViewControllers */ = {
			isa = PBXGroup;
			children = (
				4F4B4F212144D4280055FC28 /* LandingPageViewController.swift */,
				4F4B4F232144D58C0055FC28 /* LoginViewController.swift */,
				4F1192A92145B3DE003682D1 /* SignupViewController.swift */,
				4F1192AB2145B745003682D1 /* IntakeViewController.swift */,
				4F1192AD2145B834003682D1 /* DashboardViewController.swift */,
				4F1192AF2145B9B2003682D1 /* EarnedBadgesViewController.swift */,
				4F1192B12145BA05003682D1 /* GiveBadgeViewController.swift */,
				4F1192B32145BA98003682D1 /* SelectBadgeViewController.swift */,
				4F1192B52145BB00003682D1 /* ReceivedBadgesViewController.swift */,
				4F1192B72145BB56003682D1 /* MessageViewController.swift */,
			);
			path = ViewControllers;
			sourceTree = "<group>";
		};
		4F9586862148AB7F005A95CD /* Services */ = {
			isa = PBXGroup;
			children = (
				4F9586872148AC5E005A95CD /* SessionManager.swift */,
				4F9586892148BAFB005A95CD /* AirTableSevice.swift */,
			);
			path = Services;
			sourceTree = "<group>";
		};
		4F95868B2148C12B005A95CD /* Model */ = {
			isa = PBXGroup;
			children = (
				4F95868C2148C150005A95CD /* User.swift */,
			);
			path = Model;
			sourceTree = "<group>";
		};
		77F714234084E9E9DF5020E2 /* Pods */ = {
			isa = PBXGroup;
			children = (
				D07C506400741C72CF577F8A /* Pods-savagebadges.debug.xcconfig */,
				E112A20B97AA3B157D10766A /* Pods-savagebadges.release.xcconfig */,
			);
			name = Pods;
			sourceTree = "<group>";
		};
/* End PBXGroup section */

/* Begin PBXNativeTarget section */
		4F4B4F082144D34A0055FC28 /* savagebadges */ = {
			isa = PBXNativeTarget;
			buildConfigurationList = 4F4B4F1B2144D34C0055FC28 /* Build configuration list for PBXNativeTarget "savagebadges" */;
			buildPhases = (
				DC3A9BCF9F1C23DB57241549 /* [CP] Check Pods Manifest.lock */,
				4F4B4F052144D34A0055FC28 /* Sources */,
				4F4B4F062144D34A0055FC28 /* Frameworks */,
				4F4B4F072144D34A0055FC28 /* Resources */,
				550CC2AC78CF90FC5309F174 /* [CP] Embed Pods Frameworks */,
			);
			buildRules = (
			);
			dependencies = (
			);
			name = savagebadges;
			productName = "Savage Badges";
			productReference = 4F4B4F092144D34A0055FC28 /* savagebadges.app */;
			productType = "com.apple.product-type.application";
		};
/* End PBXNativeTarget section */

/* Begin PBXProject section */
		4F4B4F012144D34A0055FC28 /* Project object */ = {
			isa = PBXProject;
			attributes = {
				LastSwiftUpdateCheck = 0940;
				LastUpgradeCheck = 0940;
				ORGANIZATIONNAME = "Darrell Vanfleet";
				TargetAttributes = {
					4F4B4F082144D34A0055FC28 = {
						CreatedOnToolsVersion = 9.4.1;
					};
				};
			};
			buildConfigurationList = 4F4B4F042144D34A0055FC28 /* Build configuration list for PBXProject "savagebadges" */;
			compatibilityVersion = "Xcode 9.3";
			developmentRegion = en;
			hasScannedForEncodings = 0;
			knownRegions = (
				en,
				Base,
			);
			mainGroup = 4F4B4F002144D34A0055FC28;
			productRefGroup = 4F4B4F0A2144D34A0055FC28 /* Products */;
			projectDirPath = "";
			projectRoot = "";
			targets = (
				4F4B4F082144D34A0055FC28 /* savagebadges */,
			);
		};
/* End PBXProject section */

/* Begin PBXResourcesBuildPhase section */
		4F4B4F072144D34A0055FC28 /* Resources */ = {
			isa = PBXResourcesBuildPhase;
			buildActionMask = 2147483647;
			files = (
				4F1192C7214870A3003682D1 /* GRAFFITI.TTF in Resources */,
				4F1192BF21475B9E003682D1 /* Podfile in Resources */,
				4F1192BD21474DCA003682D1 /* Auth0.plist in Resources */,
				4F1192C321483487003682D1 /* GANG BANG CRIME.ttf in Resources */,
				4F4B4F172144D34C0055FC28 /* LaunchScreen.storyboard in Resources */,
				4F1192BA2146FDD5003682D1 /* urban decay.ttf in Resources */,
				4F4B4F142144D34C0055FC28 /* Assets.xcassets in Resources */,
				4F1192C521487067003682D1 /* Peinture Fraiche.ttf in Resources */,
				4F4B4F122144D34B0055FC28 /* Main.storyboard in Resources */,
			);
			runOnlyForDeploymentPostprocessing = 0;
		};
/* End PBXResourcesBuildPhase section */

/* Begin PBXShellScriptBuildPhase section */
		550CC2AC78CF90FC5309F174 /* [CP] Embed Pods Frameworks */ = {
			isa = PBXShellScriptBuildPhase;
			buildActionMask = 2147483647;
			files = (
			);
			inputPaths = (
				"${SRCROOT}/Pods/Target Support Files/Pods-savagebadges/Pods-savagebadges-frameworks.sh",
				"${BUILT_PRODUCTS_DIR}/Auth0/Auth0.framework",
				"${BUILT_PRODUCTS_DIR}/SimpleKeychain/SimpleKeychain.framework",
			);
			name = "[CP] Embed Pods Frameworks";
			outputPaths = (
				"${TARGET_BUILD_DIR}/${FRAMEWORKS_FOLDER_PATH}/Auth0.framework",
				"${TARGET_BUILD_DIR}/${FRAMEWORKS_FOLDER_PATH}/SimpleKeychain.framework",
			);
			runOnlyForDeploymentPostprocessing = 0;
			shellPath = /bin/sh;
			shellScript = "\"${SRCROOT}/Pods/Target Support Files/Pods-savagebadges/Pods-savagebadges-frameworks.sh\"\n";
			showEnvVarsInLog = 0;
		};
		DC3A9BCF9F1C23DB57241549 /* [CP] Check Pods Manifest.lock */ = {
			isa = PBXShellScriptBuildPhase;
			buildActionMask = 2147483647;
			files = (
			);
			inputPaths = (
				"${PODS_PODFILE_DIR_PATH}/Podfile.lock",
				"${PODS_ROOT}/Manifest.lock",
			);
			name = "[CP] Check Pods Manifest.lock";
			outputPaths = (
				"$(DERIVED_FILE_DIR)/Pods-savagebadges-checkManifestLockResult.txt",
			);
			runOnlyForDeploymentPostprocessing = 0;
			shellPath = /bin/sh;
			shellScript = "diff \"${PODS_PODFILE_DIR_PATH}/Podfile.lock\" \"${PODS_ROOT}/Manifest.lock\" > /dev/null\nif [ $? != 0 ] ; then\n    # print error to STDERR\n    echo \"error: The sandbox is not in sync with the Podfile.lock. Run 'pod install' or update your CocoaPods installation.\" >&2\n    exit 1\nfi\n# This output is used by Xcode 'outputs' to avoid re-running this script phase.\necho \"SUCCESS\" > \"${SCRIPT_OUTPUT_FILE_0}\"\n";
			showEnvVarsInLog = 0;
		};
/* End PBXShellScriptBuildPhase section */

/* Begin PBXSourcesBuildPhase section */
		4F4B4F052144D34A0055FC28 /* Sources */ = {
			isa = PBXSourcesBuildPhase;
			buildActionMask = 2147483647;
			files = (
				4F1192AC2145B745003682D1 /* IntakeViewController.swift in Sources */,
				4F1192AE2145B834003682D1 /* DashboardViewController.swift in Sources */,
				4F4B4F242144D58C0055FC28 /* LoginViewController.swift in Sources */,
				4F4B4F0F2144D34A0055FC28 /* ViewController.swift in Sources */,
				4F1192AA2145B3DE003682D1 /* SignupViewController.swift in Sources */,
				4F4B4F222144D4280055FC28 /* LandingPageViewController.swift in Sources */,
				4F1192B02145B9B2003682D1 /* EarnedBadgesViewController.swift in Sources */,
				4F1192B22145BA05003682D1 /* GiveBadgeViewController.swift in Sources */,
				4F95868D2148C150005A95CD /* User.swift in Sources */,
				4F95868A2148BAFB005A95CD /* AirTableSevice.swift in Sources */,
				4F1192B62145BB00003682D1 /* ReceivedBadgesViewController.swift in Sources */,
				4F1192B42145BA98003682D1 /* SelectBadgeViewController.swift in Sources */,
				4F1192B82145BB56003682D1 /* MessageViewController.swift in Sources */,
				4F4B4F0D2144D34A0055FC28 /* AppDelegate.swift in Sources */,
				4F9586882148AC5E005A95CD /* SessionManager.swift in Sources */,
			);
			runOnlyForDeploymentPostprocessing = 0;
		};
/* End PBXSourcesBuildPhase section */

/* Begin PBXVariantGroup section */
		4F4B4F102144D34B0055FC28 /* Main.storyboard */ = {
			isa = PBXVariantGroup;
			children = (
				4F4B4F112144D34B0055FC28 /* Base */,
			);
			name = Main.storyboard;
			sourceTree = "<group>";
		};
		4F4B4F152144D34C0055FC28 /* LaunchScreen.storyboard */ = {
			isa = PBXVariantGroup;
			children = (
				4F4B4F162144D34C0055FC28 /* Base */,
			);
			name = LaunchScreen.storyboard;
			sourceTree = "<group>";
		};
/* End PBXVariantGroup section */

/* Begin XCBuildConfiguration section */
		4F4B4F192144D34C0055FC28 /* Debug */ = {
			isa = XCBuildConfiguration;
			buildSettings = {
				ALWAYS_SEARCH_USER_PATHS = NO;
				CLANG_ANALYZER_NONNULL = YES;
				CLANG_ANALYZER_NUMBER_OBJECT_CONVERSION = YES_AGGRESSIVE;
				CLANG_CXX_LANGUAGE_STANDARD = "gnu++14";
				CLANG_CXX_LIBRARY = "libc++";
				CLANG_ENABLE_MODULES = YES;
				CLANG_ENABLE_OBJC_ARC = YES;
				CLANG_ENABLE_OBJC_WEAK = YES;
				CLANG_WARN_BLOCK_CAPTURE_AUTORELEASING = YES;
				CLANG_WARN_BOOL_CONVERSION = YES;
				CLANG_WARN_COMMA = YES;
				CLANG_WARN_CONSTANT_CONVERSION = YES;
				CLANG_WARN_DEPRECATED_OBJC_IMPLEMENTATIONS = YES;
				CLANG_WARN_DIRECT_OBJC_ISA_USAGE = YES_ERROR;
				CLANG_WARN_DOCUMENTATION_COMMENTS = YES;
				CLANG_WARN_EMPTY_BODY = YES;
				CLANG_WARN_ENUM_CONVERSION = YES;
				CLANG_WARN_INFINITE_RECURSION = YES;
				CLANG_WARN_INT_CONVERSION = YES;
				CLANG_WARN_NON_LITERAL_NULL_CONVERSION = YES;
				CLANG_WARN_OBJC_IMPLICIT_RETAIN_SELF = YES;
				CLANG_WARN_OBJC_LITERAL_CONVERSION = YES;
				CLANG_WARN_OBJC_ROOT_CLASS = YES_ERROR;
				CLANG_WARN_RANGE_LOOP_ANALYSIS = YES;
				CLANG_WARN_STRICT_PROTOTYPES = YES;
				CLANG_WARN_SUSPICIOUS_MOVE = YES;
				CLANG_WARN_UNGUARDED_AVAILABILITY = YES_AGGRESSIVE;
				CLANG_WARN_UNREACHABLE_CODE = YES;
				CLANG_WARN__DUPLICATE_METHOD_MATCH = YES;
				CODE_SIGN_IDENTITY = "iPhone Developer";
				COPY_PHASE_STRIP = NO;
				DEBUG_INFORMATION_FORMAT = dwarf;
				ENABLE_STRICT_OBJC_MSGSEND = YES;
				ENABLE_TESTABILITY = YES;
				GCC_C_LANGUAGE_STANDARD = gnu11;
				GCC_DYNAMIC_NO_PIC = NO;
				GCC_NO_COMMON_BLOCKS = YES;
				GCC_OPTIMIZATION_LEVEL = 0;
				GCC_PREPROCESSOR_DEFINITIONS = (
					"DEBUG=1",
					"$(inherited)",
				);
				GCC_WARN_64_TO_32_BIT_CONVERSION = YES;
				GCC_WARN_ABOUT_RETURN_TYPE = YES_ERROR;
				GCC_WARN_UNDECLARED_SELECTOR = YES;
				GCC_WARN_UNINITIALIZED_AUTOS = YES_AGGRESSIVE;
				GCC_WARN_UNUSED_FUNCTION = YES;
				GCC_WARN_UNUSED_VARIABLE = YES;
				IPHONEOS_DEPLOYMENT_TARGET = 11.4;
				MTL_ENABLE_DEBUG_INFO = YES;
				ONLY_ACTIVE_ARCH = YES;
				SDKROOT = iphoneos;
				SWIFT_ACTIVE_COMPILATION_CONDITIONS = DEBUG;
				SWIFT_OPTIMIZATION_LEVEL = "-Onone";
			};
			name = Debug;
		};
		4F4B4F1A2144D34C0055FC28 /* Release */ = {
			isa = XCBuildConfiguration;
			buildSettings = {
				ALWAYS_SEARCH_USER_PATHS = NO;
				CLANG_ANALYZER_NONNULL = YES;
				CLANG_ANALYZER_NUMBER_OBJECT_CONVERSION = YES_AGGRESSIVE;
				CLANG_CXX_LANGUAGE_STANDARD = "gnu++14";
				CLANG_CXX_LIBRARY = "libc++";
				CLANG_ENABLE_MODULES = YES;
				CLANG_ENABLE_OBJC_ARC = YES;
				CLANG_ENABLE_OBJC_WEAK = YES;
				CLANG_WARN_BLOCK_CAPTURE_AUTORELEASING = YES;
				CLANG_WARN_BOOL_CONVERSION = YES;
				CLANG_WARN_COMMA = YES;
				CLANG_WARN_CONSTANT_CONVERSION = YES;
				CLANG_WARN_DEPRECATED_OBJC_IMPLEMENTATIONS = YES;
				CLANG_WARN_DIRECT_OBJC_ISA_USAGE = YES_ERROR;
				CLANG_WARN_DOCUMENTATION_COMMENTS = YES;
				CLANG_WARN_EMPTY_BODY = YES;
				CLANG_WARN_ENUM_CONVERSION = YES;
				CLANG_WARN_INFINITE_RECURSION = YES;
				CLANG_WARN_INT_CONVERSION = YES;
				CLANG_WARN_NON_LITERAL_NULL_CONVERSION = YES;
				CLANG_WARN_OBJC_IMPLICIT_RETAIN_SELF = YES;
				CLANG_WARN_OBJC_LITERAL_CONVERSION = YES;
				CLANG_WARN_OBJC_ROOT_CLASS = YES_ERROR;
				CLANG_WARN_RANGE_LOOP_ANALYSIS = YES;
				CLANG_WARN_STRICT_PROTOTYPES = YES;
				CLANG_WARN_SUSPICIOUS_MOVE = YES;
				CLANG_WARN_UNGUARDED_AVAILABILITY = YES_AGGRESSIVE;
				CLANG_WARN_UNREACHABLE_CODE = YES;
				CLANG_WARN__DUPLICATE_METHOD_MATCH = YES;
				CODE_SIGN_IDENTITY = "iPhone Developer";
				COPY_PHASE_STRIP = NO;
				DEBUG_INFORMATION_FORMAT = "dwarf-with-dsym";
				ENABLE_NS_ASSERTIONS = NO;
				ENABLE_STRICT_OBJC_MSGSEND = YES;
				GCC_C_LANGUAGE_STANDARD = gnu11;
				GCC_NO_COMMON_BLOCKS = YES;
				GCC_WARN_64_TO_32_BIT_CONVERSION = YES;
				GCC_WARN_ABOUT_RETURN_TYPE = YES_ERROR;
				GCC_WARN_UNDECLARED_SELECTOR = YES;
				GCC_WARN_UNINITIALIZED_AUTOS = YES_AGGRESSIVE;
				GCC_WARN_UNUSED_FUNCTION = YES;
				GCC_WARN_UNUSED_VARIABLE = YES;
				IPHONEOS_DEPLOYMENT_TARGET = 11.4;
				MTL_ENABLE_DEBUG_INFO = NO;
				SDKROOT = iphoneos;
				SWIFT_COMPILATION_MODE = wholemodule;
				SWIFT_OPTIMIZATION_LEVEL = "-O";
				VALIDATE_PRODUCT = YES;
			};
			name = Release;
		};
		4F4B4F1C2144D34C0055FC28 /* Debug */ = {
			isa = XCBuildConfiguration;
			baseConfigurationReference = D07C506400741C72CF577F8A /* Pods-savagebadges.debug.xcconfig */;
			buildSettings = {
				ASSETCATALOG_COMPILER_APPICON_NAME = AppIcon;
				CODE_SIGN_STYLE = Automatic;
				DEVELOPMENT_TEAM = 32648M7Y42;
				INFOPLIST_FILE = "$(SRCROOT)/savagebadges/Info.plist";
				LD_RUNPATH_SEARCH_PATHS = (
					"$(inherited)",
					"@executable_path/Frameworks",
				);
				PRODUCT_BUNDLE_IDENTIFIER = "com.vanfleet.Savage-Badges";
				PRODUCT_NAME = "$(TARGET_NAME)";
				SWIFT_VERSION = 4.0;
				TARGETED_DEVICE_FAMILY = "1,2";
			};
			name = Debug;
		};
		4F4B4F1D2144D34C0055FC28 /* Release */ = {
			isa = XCBuildConfiguration;
			baseConfigurationReference = E112A20B97AA3B157D10766A /* Pods-savagebadges.release.xcconfig */;
			buildSettings = {
				ASSETCATALOG_COMPILER_APPICON_NAME = AppIcon;
				CODE_SIGN_STYLE = Automatic;
				DEVELOPMENT_TEAM = 32648M7Y42;
				INFOPLIST_FILE = "$(SRCROOT)/savagebadges/Info.plist";
				LD_RUNPATH_SEARCH_PATHS = (
					"$(inherited)",
					"@executable_path/Frameworks",
				);
				PRODUCT_BUNDLE_IDENTIFIER = "com.vanfleet.Savage-Badges";
				PRODUCT_NAME = "$(TARGET_NAME)";
				SWIFT_VERSION = 4.0;
				TARGETED_DEVICE_FAMILY = "1,2";
			};
			name = Release;
		};
/* End XCBuildConfiguration section */

/* Begin XCConfigurationList section */
		4F4B4F042144D34A0055FC28 /* Build configuration list for PBXProject "savagebadges" */ = {
			isa = XCConfigurationList;
			buildConfigurations = (
				4F4B4F192144D34C0055FC28 /* Debug */,
				4F4B4F1A2144D34C0055FC28 /* Release */,
			);
			defaultConfigurationIsVisible = 0;
			defaultConfigurationName = Release;
		};
		4F4B4F1B2144D34C0055FC28 /* Build configuration list for PBXNativeTarget "savagebadges" */ = {
			isa = XCConfigurationList;
			buildConfigurations = (
				4F4B4F1C2144D34C0055FC28 /* Debug */,
				4F4B4F1D2144D34C0055FC28 /* Release */,
			);
			defaultConfigurationIsVisible = 0;
			defaultConfigurationName = Release;
		};
/* End XCConfigurationList section */
	};
	rootObject = 4F4B4F012144D34A0055FC28 /* Project object */;
}
